// !$*UTF8*$!
{
	archiveVersion = 1;
	classes = {
	};
	objectVersion = 46;
	objects = {

/* Begin PBXBuildFile section */
		C18F3B721A5CABB8008DF7DA /* Foundation.framework in Frameworks */ = {isa = PBXBuildFile; fileRef = C18F3B711A5CABB8008DF7DA /* Foundation.framework */; };
		C18F3B741A5CABB8008DF7DA /* CoreGraphics.framework in Frameworks */ = {isa = PBXBuildFile; fileRef = C18F3B731A5CABB8008DF7DA /* CoreGraphics.framework */; };
		C18F3B761A5CABB8008DF7DA /* UIKit.framework in Frameworks */ = {isa = PBXBuildFile; fileRef = C18F3B751A5CABB8008DF7DA /* UIKit.framework */; };
		C18F3B7C1A5CABB8008DF7DA /* InfoPlist.strings in Resources */ = {isa = PBXBuildFile; fileRef = C18F3B7A1A5CABB8008DF7DA /* InfoPlist.strings */; };
		C18F3B7E1A5CABB8008DF7DA /* main.m in Sources */ = {isa = PBXBuildFile; fileRef = C18F3B7D1A5CABB8008DF7DA /* main.m */; };
		C18F3B821A5CABB8008DF7DA /* rAppDelegate.m in Sources */ = {isa = PBXBuildFile; fileRef = C18F3B811A5CABB8008DF7DA /* rAppDelegate.m */; };
		C18F3B851A5CABB8008DF7DA /* Main_iPhone.storyboard in Resources */ = {isa = PBXBuildFile; fileRef = C18F3B831A5CABB8008DF7DA /* Main_iPhone.storyboard */; };
		C18F3B881A5CABB8008DF7DA /* Main_iPad.storyboard in Resources */ = {isa = PBXBuildFile; fileRef = C18F3B861A5CABB8008DF7DA /* Main_iPad.storyboard */; };
		C18F3B8B1A5CABB8008DF7DA /* rViewController.m in Sources */ = {isa = PBXBuildFile; fileRef = C18F3B8A1A5CABB8008DF7DA /* rViewController.m */; };
		C18F3B8D1A5CABB8008DF7DA /* Images.xcassets in Resources */ = {isa = PBXBuildFile; fileRef = C18F3B8C1A5CABB8008DF7DA /* Images.xcassets */; };
		C18F3B941A5CABB9008DF7DA /* XCTest.framework in Frameworks */ = {isa = PBXBuildFile; fileRef = C18F3B931A5CABB9008DF7DA /* XCTest.framework */; };
		C18F3B951A5CABB9008DF7DA /* Foundation.framework in Frameworks */ = {isa = PBXBuildFile; fileRef = C18F3B711A5CABB8008DF7DA /* Foundation.framework */; };
		C18F3B961A5CABB9008DF7DA /* UIKit.framework in Frameworks */ = {isa = PBXBuildFile; fileRef = C18F3B751A5CABB8008DF7DA /* UIKit.framework */; };
		C18F3B9E1A5CABB9008DF7DA /* InfoPlist.strings in Resources */ = {isa = PBXBuildFile; fileRef = C18F3B9C1A5CABB9008DF7DA /* InfoPlist.strings */; };
		C18F3BA01A5CABB9008DF7DA /* HelloWorldTests.m in Sources */ = {isa = PBXBuildFile; fileRef = C18F3B9F1A5CABB9008DF7DA /* HelloWorldTests.m */; };
/* End PBXBuildFile section */

/* Begin PBXContainerItemProxy section */
		C18F3B971A5CABB9008DF7DA /* PBXContainerItemProxy */ = {
			isa = PBXContainerItemProxy;
			containerPortal = C18F3B661A5CABB8008DF7DA /* Project object */;
			proxyType = 1;
			remoteGlobalIDString = C18F3B6D1A5CABB8008DF7DA;
			remoteInfo = HelloWorld;
		};
/* End PBXContainerItemProxy section */

/* Begin PBXFileReference section */
		C18F3B6E1A5CABB8008DF7DA /* HelloWorld.app */ = {isa = PBXFileReference; explicitFileType = wrapper.application; includeInIndex = 0; path = HelloWorld.app; sourceTree = BUILT_PRODUCTS_DIR; };
		C18F3B711A5CABB8008DF7DA /* Foundation.framework */ = {isa = PBXFileReference; lastKnownFileType = wrapper.framework; name = Foundation.framework; path = System/Library/Frameworks/Foundation.framework; sourceTree = SDKROOT; };
		C18F3B731A5CABB8008DF7DA /* CoreGraphics.framework */ = {isa = PBXFileReference; lastKnownFileType = wrapper.framework; name = CoreGraphics.framework; path = System/Library/Frameworks/CoreGraphics.framework; sourceTree = SDKROOT; };
		C18F3B751A5CABB8008DF7DA /* UIKit.framework */ = {isa = PBXFileReference; lastKnownFileType = wrapper.framework; name = UIKit.framework; path = System/Library/Frameworks/UIKit.framework; sourceTree = SDKROOT; };
		C18F3B791A5CABB8008DF7DA /* HelloWorld-Info.plist */ = {isa = PBXFileReference; lastKnownFileType = text.plist.xml; path = "HelloWorld-Info.plist"; sourceTree = "<group>"; };
		C18F3B7B1A5CABB8008DF7DA /* en */ = {isa = PBXFileReference; lastKnownFileType = text.plist.strings; name = en; path = en.lproj/InfoPlist.strings; sourceTree = "<group>"; };
		C18F3B7D1A5CABB8008DF7DA /* main.m */ = {isa = PBXFileReference; lastKnownFileType = sourcecode.c.objc; path = main.m; sourceTree = "<group>"; };
		C18F3B7F1A5CABB8008DF7DA /* HelloWorld-Prefix.pch */ = {isa = PBXFileReference; lastKnownFileType = sourcecode.c.h; path = "HelloWorld-Prefix.pch"; sourceTree = "<group>"; };
		C18F3B801A5CABB8008DF7DA /* rAppDelegate.h */ = {isa = PBXFileReference; lastKnownFileType = sourcecode.c.h; path = rAppDelegate.h; sourceTree = "<group>"; };
		C18F3B811A5CABB8008DF7DA /* rAppDelegate.m */ = {isa = PBXFileReference; lastKnownFileType = sourcecode.c.objc; path = rAppDelegate.m; sourceTree = "<group>"; };
		C18F3B841A5CABB8008DF7DA /* Base */ = {isa = PBXFileReference; lastKnownFileType = file.storyboard; name = Base; path = Base.lproj/Main_iPhone.storyboard; sourceTree = "<group>"; };
		C18F3B871A5CABB8008DF7DA /* Base */ = {isa = PBXFileReference; lastKnownFileType = file.storyboard; name = Base; path = Base.lproj/Main_iPad.storyboard; sourceTree = "<group>"; };
		C18F3B891A5CABB8008DF7DA /* rViewController.h */ = {isa = PBXFileReference; lastKnownFileType = sourcecode.c.h; path = rViewController.h; sourceTree = "<group>"; };
		C18F3B8A1A5CABB8008DF7DA /* rViewController.m */ = {isa = PBXFileReference; lastKnownFileType = sourcecode.c.objc; path = rViewController.m; sourceTree = "<group>"; };
		C18F3B8C1A5CABB8008DF7DA /* Images.xcassets */ = {isa = PBXFileReference; lastKnownFileType = folder.assetcatalog; path = Images.xcassets; sourceTree = "<group>"; };
		C18F3B921A5CABB9008DF7DA /* HelloWorldTests.xctest */ = {isa = PBXFileReference; explicitFileType = wrapper.cfbundle; includeInIndex = 0; path = HelloWorldTests.xctest; sourceTree = BUILT_PRODUCTS_DIR; };
		C18F3B931A5CABB9008DF7DA /* XCTest.framework */ = {isa = PBXFileReference; lastKnownFileType = wrapper.framework; name = XCTest.framework; path = Library/Frameworks/XCTest.framework; sourceTree = DEVELOPER_DIR; };
		C18F3B9B1A5CABB9008DF7DA /* HelloWorldTests-Info.plist */ = {isa = PBXFileReference; lastKnownFileType = text.plist.xml; path = "HelloWorldTests-Info.plist"; sourceTree = "<group>"; };
		C18F3B9D1A5CABB9008DF7DA /* en */ = {isa = PBXFileReference; lastKnownFileType = text.plist.strings; name = en; path = en.lproj/InfoPlist.strings; sourceTree = "<group>"; };
		C18F3B9F1A5CABB9008DF7DA /* HelloWorldTests.m */ = {isa = PBXFileReference; lastKnownFileType = sourcecode.c.objc; path = HelloWorldTests.m; sourceTree = "<group>"; };
/* End PBXFileReference section */

/* Begin PBXFrameworksBuildPhase section */
		C18F3B6B1A5CABB8008DF7DA /* Frameworks */ = {
			isa = PBXFrameworksBuildPhase;
			buildActionMask = 2147483647;
			files = (
				C18F3B741A5CABB8008DF7DA /* CoreGraphics.framework in Frameworks */,
				C18F3B761A5CABB8008DF7DA /* UIKit.framework in Frameworks */,
				C18F3B721A5CABB8008DF7DA /* Foundation.framework in Frameworks */,
			);
			runOnlyForDeploymentPostprocessing = 0;
		};
		C18F3B8F1A5CABB9008DF7DA /* Frameworks */ = {
			isa = PBXFrameworksBuildPhase;
			buildActionMask = 2147483647;
			files = (
				C18F3B941A5CABB9008DF7DA /* XCTest.framework in Frameworks */,
				C18F3B961A5CABB9008DF7DA /* UIKit.framework in Frameworks */,
				C18F3B951A5CABB9008DF7DA /* Foundation.framework in Frameworks */,
			);
			runOnlyForDeploymentPostprocessing = 0;
		};
/* End PBXFrameworksBuildPhase section */

/* Begin PBXGroup section */
		C18F3B651A5CABB8008DF7DA = {
			isa = PBXGroup;
			children = (
				C18F3B771A5CABB8008DF7DA /* HelloWorld */,
				C18F3B991A5CABB9008DF7DA /* HelloWorldTests */,
				C18F3B701A5CABB8008DF7DA /* Frameworks */,
				C18F3B6F1A5CABB8008DF7DA /* Products */,
			);
			sourceTree = "<group>";
		};
		C18F3B6F1A5CABB8008DF7DA /* Products */ = {
			isa = PBXGroup;
			children = (
				C18F3B6E1A5CABB8008DF7DA /* HelloWorld.app */,
				C18F3B921A5CABB9008DF7DA /* HelloWorldTests.xctest */,
			);
			name = Products;
			sourceTree = "<group>";
		};
		C18F3B701A5CABB8008DF7DA /* Frameworks */ = {
			isa = PBXGroup;
			children = (
				C18F3B711A5CABB8008DF7DA /* Foundation.framework */,
				C18F3B731A5CABB8008DF7DA /* CoreGraphics.framework */,
				C18F3B751A5CABB8008DF7DA /* UIKit.framework */,
				C18F3B931A5CABB9008DF7DA /* XCTest.framework */,
			);
			name = Frameworks;
			sourceTree = "<group>";
		};
		C18F3B771A5CABB8008DF7DA /* HelloWorld */ = {
			isa = PBXGroup;
			children = (
				C18F3B801A5CABB8008DF7DA /* rAppDelegate.h */,
				C18F3B811A5CABB8008DF7DA /* rAppDelegate.m */,
				C18F3B831A5CABB8008DF7DA /* Main_iPhone.storyboard */,
				C18F3B861A5CABB8008DF7DA /* Main_iPad.storyboard */,
				C18F3B891A5CABB8008DF7DA /* rViewController.h */,
				C18F3B8A1A5CABB8008DF7DA /* rViewController.m */,
				C18F3B8C1A5CABB8008DF7DA /* Images.xcassets */,
				C18F3B781A5CABB8008DF7DA /* Supporting Files */,
			);
			path = HelloWorld;
			sourceTree = "<group>";
		};
		C18F3B781A5CABB8008DF7DA /* Supporting Files */ = {
			isa = PBXGroup;
			children = (
				C18F3B791A5CABB8008DF7DA /* HelloWorld-Info.plist */,
				C18F3B7A1A5CABB8008DF7DA /* InfoPlist.strings */,
				C18F3B7D1A5CABB8008DF7DA /* main.m */,
				C18F3B7F1A5CABB8008DF7DA /* HelloWorld-Prefix.pch */,
			);
			name = "Supporting Files";
			sourceTree = "<group>";
		};
		C18F3B991A5CABB9008DF7DA /* HelloWorldTests */ = {
			isa = PBXGroup;
			children = (
				C18F3B9F1A5CABB9008DF7DA /* HelloWorldTests.m */,
				C18F3B9A1A5CABB9008DF7DA /* Supporting Files */,
			);
			path = HelloWorldTests;
			sourceTree = "<group>";
		};
		C18F3B9A1A5CABB9008DF7DA /* Supporting Files */ = {
			isa = PBXGroup;
			children = (
				C18F3B9B1A5CABB9008DF7DA /* HelloWorldTests-Info.plist */,
				C18F3B9C1A5CABB9008DF7DA /* InfoPlist.strings */,
			);
			name = "Supporting Files";
			sourceTree = "<group>";
		};
/* End PBXGroup section */

/* Begin PBXNativeTarget section */
		C18F3B6D1A5CABB8008DF7DA /* HelloWorld */ = {
			isa = PBXNativeTarget;
			buildConfigurationList = C18F3BA31A5CABB9008DF7DA /* Build configuration list for PBXNativeTarget "HelloWorld" */;
			buildPhases = (
				C18F3B6A1A5CABB8008DF7DA /* Sources */,
				C18F3B6B1A5CABB8008DF7DA /* Frameworks */,
				C18F3B6C1A5CABB8008DF7DA /* Resources */,
			);
			buildRules = (
			);
			dependencies = (
			);
			name = HelloWorld;
			productName = HelloWorld;
			productReference = C18F3B6E1A5CABB8008DF7DA /* HelloWorld.app */;
			productType = "com.apple.product-type.application";
		};
		C18F3B911A5CABB9008DF7DA /* HelloWorldTests */ = {
			isa = PBXNativeTarget;
			buildConfigurationList = C18F3BA61A5CABB9008DF7DA /* Build configuration list for PBXNativeTarget "HelloWorldTests" */;
			buildPhases = (
				C18F3B8E1A5CABB9008DF7DA /* Sources */,
				C18F3B8F1A5CABB9008DF7DA /* Frameworks */,
				C18F3B901A5CABB9008DF7DA /* Resources */,
			);
			buildRules = (
			);
			dependencies = (
				C18F3B981A5CABB9008DF7DA /* PBXTargetDependency */,
			);
			name = HelloWorldTests;
			productName = HelloWorldTests;
			productReference = C18F3B921A5CABB9008DF7DA /* HelloWorldTests.xctest */;
			productType = "com.apple.product-type.bundle.unit-test";
		};
/* End PBXNativeTarget section */

/* Begin PBXProject section */
		C18F3B661A5CABB8008DF7DA /* Project object */ = {
			isa = PBXProject;
			attributes = {
				CLASSPREFIX = r;
				LastUpgradeCheck = 0510;
				ORGANIZATIONNAME = "Jessica Garson";
				TargetAttributes = {
					C18F3B911A5CABB9008DF7DA = {
						TestTargetID = C18F3B6D1A5CABB8008DF7DA;
					};
				};
			};
			buildConfigurationList = C18F3B691A5CABB8008DF7DA /* Build configuration list for PBXProject "HelloWorld" */;
			compatibilityVersion = "Xcode 3.2";
			developmentRegion = English;
			hasScannedForEncodings = 0;
			knownRegions = (
				en,
				Base,
			);
			mainGroup = C18F3B651A5CABB8008DF7DA;
			productRefGroup = C18F3B6F1A5CABB8008DF7DA /* Products */;
			projectDirPath = "";
			projectRoot = "";
			targets = (
				C18F3B6D1A5CABB8008DF7DA /* HelloWorld */,
				C18F3B911A5CABB9008DF7DA /* HelloWorldTests */,
			);
		};
/* End PBXProject section */

/* Begin PBXResourcesBuildPhase section */
		C18F3B6C1A5CABB8008DF7DA /* Resources */ = {
			isa = PBXResourcesBuildPhase;
			buildActionMask = 2147483647;
			files = (
				C18F3B881A5CABB8008DF7DA /* Main_iPad.storyboard in Resources */,
				C18F3B8D1A5CABB8008DF7DA /* Images.xcassets in Resources */,
				C18F3B851A5CABB8008DF7DA /* Main_iPhone.storyboard in Resources */,
				C18F3B7C1A5CABB8008DF7DA /* InfoPlist.strings in Resources */,
			);
			runOnlyForDeploymentPostprocessing = 0;
		};
		C18F3B901A5CABB9008DF7DA /* Resources */ = {
			isa = PBXResourcesBuildPhase;
			buildActionMask = 2147483647;
			files = (
				C18F3B9E1A5CABB9008DF7DA /* InfoPlist.strings in Resources */,
			);
			runOnlyForDeploymentPostprocessing = 0;
		};
/* End PBXResourcesBuildPhase section */

/* Begin PBXSourcesBuildPhase section */
		C18F3B6A1A5CABB8008DF7DA /* Sources */ = {
			isa = PBXSourcesBuildPhase;
			buildActionMask = 2147483647;
			files = (
				C18F3B7E1A5CABB8008DF7DA /* main.m in Sources */,
				C18F3B8B1A5CABB8008DF7DA /* rViewController.m in Sources */,
				C18F3B821A5CABB8008DF7DA /* rAppDelegate.m in Sources */,
			);
			runOnlyForDeploymentPostprocessing = 0;
		};
		C18F3B8E1A5CABB9008DF7DA /* Sources */ = {
			isa = PBXSourcesBuildPhase;
			buildActionMask = 2147483647;
			files = (
				C18F3BA01A5CABB9008DF7DA /* HelloWorldTests.m in Sources */,
			);
			runOnlyForDeploymentPostprocessing = 0;
		};
/* End PBXSourcesBuildPhase section */

/* Begin PBXTargetDependency section */
		C18F3B981A5CABB9008DF7DA /* PBXTargetDependency */ = {
			isa = PBXTargetDependency;
			target = C18F3B6D1A5CABB8008DF7DA /* HelloWorld */;
			targetProxy = C18F3B971A5CABB9008DF7DA /* PBXContainerItemProxy */;
		};
/* End PBXTargetDependency section */

/* Begin PBXVariantGroup section */
		C18F3B7A1A5CABB8008DF7DA /* InfoPlist.strings */ = {
			isa = PBXVariantGroup;
			children = (
				C18F3B7B1A5CABB8008DF7DA /* en */,
			);
			name = InfoPlist.strings;
			sourceTree = "<group>";
		};
		C18F3B831A5CABB8008DF7DA /* Main_iPhone.storyboard */ = {
			isa = PBXVariantGroup;
			children = (
				C18F3B841A5CABB8008DF7DA /* Base */,
			);
			name = Main_iPhone.storyboard;
			sourceTree = "<group>";
		};
		C18F3B861A5CABB8008DF7DA /* Main_iPad.storyboard */ = {
			isa = PBXVariantGroup;
			children = (
				C18F3B871A5CABB8008DF7DA /* Base */,
			);
			name = Main_iPad.storyboard;
			sourceTree = "<group>";
		};
		C18F3B9C1A5CABB9008DF7DA /* InfoPlist.strings */ = {
			isa = PBXVariantGroup;
			children = (
				C18F3B9D1A5CABB9008DF7DA /* en */,
			);
			name = InfoPlist.strings;
			sourceTree = "<group>";
		};
/* End PBXVariantGroup section */

/* Begin XCBuildConfiguration section */
		C18F3BA11A5CABB9008DF7DA /* Debug */ = {
			isa = XCBuildConfiguration;
			buildSettings = {
				ALWAYS_SEARCH_USER_PATHS = NO;
				CLANG_CXX_LANGUAGE_STANDARD = "gnu++0x";
				CLANG_CXX_LIBRARY = "libc++";
				CLANG_ENABLE_MODULES = YES;
				CLANG_ENABLE_OBJC_ARC = YES;
				CLANG_WARN_BOOL_CONVERSION = YES;
				CLANG_WARN_CONSTANT_CONVERSION = YES;
				CLANG_WARN_DIRECT_OBJC_ISA_USAGE = YES_ERROR;
				CLANG_WARN_EMPTY_BODY = YES;
				CLANG_WARN_ENUM_CONVERSION = YES;
				CLANG_WARN_INT_CONVERSION = YES;
				CLANG_WARN_OBJC_ROOT_CLASS = YES_ERROR;
				CLANG_WARN__DUPLICATE_METHOD_MATCH = YES;
				"CODE_SIGN_IDENTITY[sdk=iphoneos*]" = "iPhone Developer";
				COPY_PHASE_STRIP = NO;
				GCC_C_LANGUAGE_STANDARD = gnu99;
				GCC_DYNAMIC_NO_PIC = NO;
				GCC_OPTIMIZATION_LEVEL = 0;
				GCC_PREPROCESSOR_DEFINITIONS = (
					"DEBUG=1",
					"$(inherited)",
				);
				GCC_SYMBOLS_PRIVATE_EXTERN = NO;
				GCC_WARN_64_TO_32_BIT_CONVERSION = YES;
				GCC_WARN_ABOUT_RETURN_TYPE = YES_ERROR;
				GCC_WARN_UNDECLARED_SELECTOR = YES;
				GCC_WARN_UNINITIALIZED_AUTOS = YES_AGGRESSIVE;
				GCC_WARN_UNUSED_FUNCTION = YES;
				GCC_WARN_UNUSED_VARIABLE = YES;
				IPHONEOS_DEPLOYMENT_TARGET = 7.1;
				ONLY_ACTIVE_ARCH = YES;
				SDKROOT = iphoneos;
				TARGETED_DEVICE_FAMILY = "1,2";
			};
			name = Debug;
		};
		C18F3BA21A5CABB9008DF7DA /* Release */ = {
			isa = XCBuildConfiguration;
			buildSettings = {
				ALWAYS_SEARCH_USER_PATHS = NO;
				CLANG_CXX_LANGUAGE_STANDARD = "gnu++0x";
				CLANG_CXX_LIBRARY = "libc++";
				CLANG_ENABLE_MODULES = YES;
				CLANG_ENABLE_OBJC_ARC = YES;
				CLANG_WARN_BOOL_CONVERSION = YES;
				CLANG_WARN_CONSTANT_CONVERSION = YES;
				CLANG_WARN_DIRECT_OBJC_ISA_USAGE = YES_ERROR;
				CLANG_WARN_EMPTY_BODY = YES;
				CLANG_WARN_ENUM_CONVERSION = YES;
				CLANG_WARN_INT_CONVERSION = YES;
				CLANG_WARN_OBJC_ROOT_CLASS = YES_ERROR;
				CLANG_WARN__DUPLICATE_METHOD_MATCH = YES;
				"CODE_SIGN_IDENTITY[sdk=iphoneos*]" = "iPhone Developer";
				COPY_PHASE_STRIP = YES;
				ENABLE_NS_ASSERTIONS = NO;
				GCC_C_LANGUAGE_STANDARD = gnu99;
				GCC_WARN_64_TO_32_BIT_CONVERSION = YES;
				GCC_WARN_ABOUT_RETURN_TYPE = YES_ERROR;
				GCC_WARN_UNDECLARED_SELECTOR = YES;
				GCC_WARN_UNINITIALIZED_AUTOS = YES_AGGRESSIVE;
				GCC_WARN_UNUSED_FUNCTION = YES;
				GCC_WARN_UNUSED_VARIABLE = YES;
				IPHONEOS_DEPLOYMENT_TARGET = 7.1;
				SDKROOT = iphoneos;
				TARGETED_DEVICE_FAMILY = "1,2";
				VALIDATE_PRODUCT = YES;
			};
			name = Release;
		};
		C18F3BA41A5CABB9008DF7DA /* Debug */ = {
			isa = XCBuildConfiguration;
			buildSettings = {
				ASSETCATALOG_COMPILER_APPICON_NAME = AppIcon;
				ASSETCATALOG_COMPILER_LAUNCHIMAGE_NAME = LaunchImage;
				GCC_PRECOMPILE_PREFIX_HEADER = YES;
				GCC_PREFIX_HEADER = "HelloWorld/HelloWorld-Prefix.pch";
				INFOPLIST_FILE = "HelloWorld/HelloWorld-Info.plist";
				PRODUCT_NAME = "$(TARGET_NAME)";
				WRAPPER_EXTENSION = app;
			};
			name = Debug;
		};
		C18F3BA51A5CABB9008DF7DA /* Release */ = {
			isa = XCBuildConfiguration;
			buildSettings = {
				ASSETCATALOG_COMPILER_APPICON_NAME = AppIcon;
				ASSETCATALOG_COMPILER_LAUNCHIMAGE_NAME = LaunchImage;
				GCC_PRECOMPILE_PREFIX_HEADER = YES;
				GCC_PREFIX_HEADER = "HelloWorld/HelloWorld-Prefix.pch";
				INFOPLIST_FILE = "HelloWorld/HelloWorld-Info.plist";
				PRODUCT_NAME = "$(TARGET_NAME)";
				WRAPPER_EXTENSION = app;
			};
			name = Release;
		};
		C18F3BA71A5CABB9008DF7DA /* Debug */ = {
			isa = XCBuildConfiguration;
			buildSettings = {
				BUNDLE_LOADER = "$(BUILT_PRODUCTS_DIR)/HelloWorld.app/HelloWorld";
				FRAMEWORK_SEARCH_PATHS = (
					"$(SDKROOT)/Developer/Library/Frameworks",
					"$(inherited)",
					"$(DEVELOPER_FRAMEWORKS_DIR)",
				);
				GCC_PRECOMPILE_PREFIX_HEADER = YES;
				GCC_PREFIX_HEADER = "HelloWorld/HelloWorld-Prefix.pch";
				GCC_PREPROCESSOR_DEFINITIONS = (
					"DEBUG=1",
					"$(inherited)",
				);
				INFOPLIST_FILE = "HelloWorldTests/HelloWorldTests-Info.plist";
				PRODUCT_NAME = "$(TARGET_NAME)";
				TEST_HOST = "$(BUNDLE_LOADER)";
				WRAPPER_EXTENSION = xctest;
			};
			name = Debug;
		};
		C18F3BA81A5CABB9008DF7DA /* Release */ = {
			isa = XCBuildConfiguration;
			buildSettings = {
				BUNDLE_LOADER = "$(BUILT_PRODUCTS_DIR)/HelloWorld.app/HelloWorld";
				FRAMEWORK_SEARCH_PATHS = (
					"$(SDKROOT)/Developer/Library/Frameworks",
					"$(inherited)",
					"$(DEVELOPER_FRAMEWORKS_DIR)",
				);
				GCC_PRECOMPILE_PREFIX_HEADER = YES;
				GCC_PREFIX_HEADER = "HelloWorld/HelloWorld-Prefix.pch";
				INFOPLIST_FILE = "HelloWorldTests/HelloWorldTests-Info.plist";
				PRODUCT_NAME = "$(TARGET_NAME)";
				TEST_HOST = "$(BUNDLE_LOADER)";
				WRAPPER_EXTENSION = xctest;
			};
			name = Release;
		};
/* End XCBuildConfiguration section */

/* Begin XCConfigurationList section */
		C18F3B691A5CABB8008DF7DA /* Build configuration list for PBXProject "HelloWorld" */ = {
			isa = XCConfigurationList;
			buildConfigurations = (
				C18F3BA11A5CABB9008DF7DA /* Debug */,
				C18F3BA21A5CABB9008DF7DA /* Release */,
			);
			defaultConfigurationIsVisible = 0;
			defaultConfigurationName = Release;
		};
		C18F3BA31A5CABB9008DF7DA /* Build configuration list for PBXNativeTarget "HelloWorld" */ = {
			isa = XCConfigurationList;
			buildConfigurations = (
				C18F3BA41A5CABB9008DF7DA /* Debug */,
				C18F3BA51A5CABB9008DF7DA /* Release */,
			);
			defaultConfigurationIsVisible = 0;
		};
		C18F3BA61A5CABB9008DF7DA /* Build configuration list for PBXNativeTarget "HelloWorldTests" */ = {
			isa = XCConfigurationList;
			buildConfigurations = (
				C18F3BA71A5CABB9008DF7DA /* Debug */,
				C18F3BA81A5CABB9008DF7DA /* Release */,
			);
			defaultConfigurationIsVisible = 0;
		};
/* End XCConfigurationList section */
	};
	rootObject = C18F3B661A5CABB8008DF7DA /* Project object */;
}
